{
  "name": "andrewkelley.me",
  "version": "0.0.0",
  "lockfileVersion": 3,
  "requires": true,
  "packages": {
    "": {
      "version": "0.0.0",
      "dependencies": {
        "mkdirp": "~0.3.5",
        "rss": "0.0.4",
        "s3-cli": "~0.9.0",
        "swig": "~0.13.5"
      }
    },
    "node_modules/aws-sdk": {
      "version": "2.0.31",
      "resolved": "https://registry.npmjs.org/aws-sdk/-/aws-sdk-2.0.31.tgz",
      "integrity": "sha1-5yzx/caQFb2f0r3z07iMFlB9Jo4=",
      "deprecated": "The AWS SDK for JavaScript (v2) has reached end-of-support, and no longer receives updates. Please migrate your code to use AWS SDK for JavaScript (v3). More info https://a.co/cUPnyil",
      "dependencies": {
        "xml2js": "0.2.6",
        "xmlbuilder": "0.4.2"
      },
      "engines": {
        "node": ">= 0.8.0"
      }
    },
    "node_modules/fd-slicer": {
      "version": "0.1.0",
      "resolved": "https://registry.npmjs.org/fd-slicer/-/fd-slicer-0.1.0.tgz",
      "integrity": "sha1-9ZcUHf6KKEF1b9VBUKeP4L7EvAM=",
      "dependencies": {
        "pend": "~1.1.2"
      }
    },
    "node_modules/file-size": {
      "version": "0.0.5",
      "resolved": "https://registry.npmjs.org/file-size/-/file-size-0.0.5.tgz",
      "integrity": "sha1-BX1Dw6Ptc12j+Q1gUqs4Dx5tXjs="
    },
    "node_modules/findit": {
      "version": "2.0.0",
      "resolved": "https://registry.npmjs.org/findit/-/findit-2.0.0.tgz",
      "integrity": "sha1-ZQnwEmr0wXhVHPqZOU4DLhOk1W4="
    },
    "node_modules/graceful-fs": {
      "version": "3.0.12",
      "resolved": "https://registry.npmjs.org/graceful-fs/-/graceful-fs-3.0.12.tgz",
      "integrity": "sha512-J55gaCS4iTTJfTXIxSVw3EMQckcqkpdRv3IR7gu6sq0+tbC363Zx6KH/SEwXASK9JRbhyZmVjJEVJIOxYsB3Qg==",
      "dependencies": {
        "natives": "^1.1.3"
      },
      "engines": {
        "node": ">=0.4.0"
      }
    },
    "node_modules/ini": {
      "version": "1.2.1",
      "resolved": "https://registry.npmjs.org/ini/-/ini-1.2.1.tgz",
      "integrity": "sha1-f3dOLyJ1LNHay/nGMyPfKhZOvKM=",
      "deprecated": "Please update to ini >=1.3.6 to avoid a prototype pollution issue",
      "engines": {
        "node": "*"
      }
    },
    "node_modules/mime": {
      "version": "1.2.11",
      "resolved": "https://registry.npmjs.org/mime/-/mime-1.2.11.tgz",
      "integrity": "sha1-WCA+7Ybjpe8XrtK32evUfwpg3RA="
    },
    "node_modules/minimist": {
      "version": "0.2.1",
      "resolved": "https://registry.npmjs.org/minimist/-/minimist-0.2.1.tgz",
      "integrity": "sha512-GY8fANSrTMfBVfInqJAY41QkOM+upUTytK1jZ0c8+3HdHrJxBJ3rF5i9moClXTE8uUSnUo8cAsCoxDXvSY4DHg=="
    },
    "node_modules/mkdirp": {
      "version": "0.3.5",
      "resolved": "https://registry.npmjs.org/mkdirp/-/mkdirp-0.3.5.tgz",
      "integrity": "sha1-3j5fiWHIjHh+4TaN+EmsRBPsqNc=",
      "deprecated": "Legacy versions of mkdirp are no longer supported. Please update to mkdirp 1.x. (Note that the API surface has changed to use Promises in 1.x.)"
    },
    "node_modules/natives": {
      "version": "1.1.6",
      "resolved": "https://registry.npmjs.org/natives/-/natives-1.1.6.tgz",
      "integrity": "sha512-6+TDFewD4yxY14ptjKaS63GVdtKiES1pTPyxn9Jb0rBqPMZ7VcCiooEhPNsr+mqHtMGxa/5c/HhcC4uPEUw/nA==",
      "deprecated": "This module relies on Node.js's internals and will break at some point. Do not use it, and update to graceful-fs@4.x."
    },
    "node_modules/os-homedir": {
      "version": "1.0.2",
      "resolved": "https://registry.npmjs.org/os-homedir/-/os-homedir-1.0.2.tgz",
      "integrity": "sha1-/7xJiDNuDoM94MFox+8VISGqf7M=",
      "engines": {
        "node": ">=0.10.0"
      }
    },
    "node_modules/os-tmpdir": {
      "version": "1.0.2",
      "resolved": "https://registry.npmjs.org/os-tmpdir/-/os-tmpdir-1.0.2.tgz",
      "integrity": "sha1-u+Z0BseaqFxc/sdm/lc0VV36EnQ=",
      "engines": {
        "node": ">=0.10.0"
      }
    },
    "node_modules/osenv": {
      "version": "0.1.5",
      "resolved": "https://registry.npmjs.org/osenv/-/osenv-0.1.5.tgz",
      "integrity": "sha512-0CWcCECdMVc2Rw3U5w9ZjqX6ga6ubk1xDVKxtBQPK7wis/0F2r9T6k4ydGYhecl7YUBxBVxhL5oisPsNxAPe2g==",
      "deprecated": "This package is no longer supported.",
      "dependencies": {
        "os-homedir": "^1.0.0",
        "os-tmpdir": "^1.0.0"
      }
    },
    "node_modules/pend": {
      "version": "1.1.3",
      "resolved": "https://registry.npmjs.org/pend/-/pend-1.1.3.tgz",
      "integrity": "sha1-ymjdOebdf40/iAHc28tEhGxDGEU="
    },
    "node_modules/rimraf": {
      "version": "2.2.8",
      "resolved": "https://registry.npmjs.org/rimraf/-/rimraf-2.2.8.tgz",
      "integrity": "sha1-5Dm+Kq7jJzIZUnMPmaiSnk/FBYI=",
      "deprecated": "Rimraf versions prior to v4 are no longer supported",
      "bin": {
        "rimraf": "bin.js"
      }
    },
    "node_modules/rss": {
      "version": "0.0.4",
      "resolved": "https://registry.npmjs.org/rss/-/rss-0.0.4.tgz",
      "integrity": "sha1-APrQpud8mXcke6mISvhmkV6sNSY=",
      "dependencies": {
        "xml": ">= 0.0.4"
      },
      "engines": {
        "node": ">=0.4.0"
      }
    },
    "node_modules/s3": {
      "version": "4.1.1",
      "resolved": "https://registry.npmjs.org/s3/-/s3-4.1.1.tgz",
      "integrity": "sha1-mwTStc9rp/cHRuNv+g5KEwRw2uw=",
      "dependencies": {
        "aws-sdk": "~2.0.12",
        "fd-slicer": "~0.1.0",
        "findit": "~2.0.0",
        "graceful-fs": "~3.0.2",
        "mime": "~1.2.11",
        "mkdirp": "~0.5.0",
        "pend": "~1.1.2",
        "rimraf": "~2.2.8"
      },
      "engines": {
        "node": ">=0.10.20"
      }
    },
    "node_modules/s3-cli": {
      "version": "0.9.0",
      "resolved": "https://registry.npmjs.org/s3-cli/-/s3-cli-0.9.0.tgz",
      "integrity": "sha1-HE6icV8sTeFim1qQ6CxgCKY080c=",
      "dependencies": {
        "file-size": "0.0.5",
        "ini": "~1.2.1",
        "minimist": "~0.2.0",
        "osenv": "~0.1.0",
        "s3": "~4.1.1"
      },
      "bin": {
        "s3-cli": "cli.js"
      }
    },
    "node_modules/s3/node_modules/minimist": {
      "version": "1.2.5",
      "resolved": "https://registry.npmjs.org/minimist/-/minimist-1.2.5.tgz",
      "integrity": "sha512-FM9nNUYrRBAELZQT3xeZQ7fmMOBg6nWNmJKTcgsJeaLstP/UODVpGsr5OhXhhXg6f+qtJ8uiZ+PUxkDWcgIXLw=="
    },
    "node_modules/s3/node_modules/mkdirp": {
      "version": "0.5.3",
      "resolved": "https://registry.npmjs.org/mkdirp/-/mkdirp-0.5.3.tgz",
      "integrity": "sha512-P+2gwrFqx8lhew375MQHHeTlY8AuOJSrGf0R5ddkEndUkmwpgUob/vQuBD1V22/Cw1/lJr4x+EjllSezBThzBg==",
      "deprecated": "Legacy versions of mkdirp are no longer supported. Please update to mkdirp 1.x. (Note that the API surface has changed to use Promises in 1.x.)",
      "dependencies": {
        "minimist": "^1.2.5"
      },
      "bin": {
        "mkdirp": "bin/cmd.js"
      }
    },
    "node_modules/sax": {
      "version": "0.4.2",
      "resolved": "https://registry.npmjs.org/sax/-/sax-0.4.2.tgz",
      "integrity": "sha1-OfO2AXM9a+yXEFskKipA/Wl4rDw="
    },
    "node_modules/swig": {
      "version": "0.13.5",
      "resolved": "https://registry.npmjs.org/swig/-/swig-0.13.5.tgz",
      "integrity": "sha1-7o8XEQhALNRYlQLvXiwfHg1RivE=",
      "deprecated": "This package is no longer maintained",
      "dependencies": {
        "underscore": ">=1.1.7"
      },
      "engines": {
        "node": ">=0.6.0"
      }
    },
    "node_modules/underscore": {
      "version": "1.13.8",
      "resolved": "https://registry.npmjs.org/underscore/-/underscore-1.13.8.tgz",
      "integrity": "sha512-DXtD3ZtEQzc7M8m4cXotyHR+FAS18C64asBYY5vqZexfYryNNnDc02W4hKg3rdQuqOYas1jkseX0+nZXjTXnvQ==",
      "license": "MIT"
    },
    "node_modules/xml": {
      "version": "1.0.1",
      "resolved": "https://registry.npmjs.org/xml/-/xml-1.0.1.tgz",
      "integrity": "sha1-eLpyAgApxbyHuKgaPPzXS0ovweU="
    },
    "node_modules/xml2js": {
      "version": "0.2.6",
      "resolved": "https://registry.npmjs.org/xml2js/-/xml2js-0.2.6.tgz",
      "integrity": "sha1-0gnE5N2h/JxFIUHvQcB39a399sQ=",
      "dependencies": {
        "sax": "0.4.2"
      }
    },
    "node_modules/xmlbuilder": {
      "version": "0.4.2",
      "resolved": "https://registry.npmjs.org/xmlbuilder/-/xmlbuilder-0.4.2.tgz",
      "integrity": "sha1-F3bWXz/brUcKCNhgTN6xxOVA/4M=",
      "engines": {
        "node": ">=0.2.0"
      }
    }
  }
}
